Microsoft Visual Studio Solution File, Format Version 12.00
# Visual Studio Version 18
VisualStudioVersion = 18.2.11415.280 d18.0
MinimumVisualStudioVersion = 10.0.40219.1
Project("{2150E333-8FDC-42A3-9474-1A3956D46DE8}") = "src", "src", "{02EA681E-C7D8-13C7-8484-4AC65E1B71E8}"
EndProject
Project("{FAE04EC0-301F-11D3-BF4B-00C04F79EFBC}") = "FluentResultsSerialization", "src\FluentResultsSerialization\FluentResultsSerialization.csproj", "{63F0D12D-24D8-0A0F-03D5-88CF2AAAF665}"
EndProject
Project("{FAE04EC0-301F-11D3-BF4B-00C04F79EFBC}") = "TestApi", "src\TestApi\TestApi.csproj", "{832445B6-3CA9-5B0F-3A18-3E5807161FE9}"
EndProject
Global
	GlobalSection(SolutionConfigurationPlatforms) = preSolution
		Debug|Any CPU = Debug|Any CPU
		Release|Any CPU = Release|Any CPU
	EndGlobalSection
	GlobalSection(ProjectConfigurationPlatforms) = postSolution
		{63F0D12D-24D8-0A0F-03D5-88CF2AAAF665}.Debug|Any CPU.ActiveCfg = Debug|Any CPU
		{63F0D12D-24D8-0A0F-03D5-88CF2AAAF665}.Debug|Any CPU.Build.0 = Debug|Any CPU
		{63F0D12D-24D8-0A0F-03D5-88CF2AAAF665}.Release|Any CPU.ActiveCfg = Release|Any CPU
		{63F0D12D-24D8-0A0F-03D5-88CF2AAAF665}.Release|Any CPU.Build.0 = Release|Any CPU
		{832445B6-3CA9-5B0F-3A18-3E5807161FE9}.Debug|Any CPU.ActiveCfg = Debug|Any CPU
		{832445B6-3CA9-5B0F-3A18-3E5807161FE9}.Debug|Any CPU.Build.0 = Debug|Any CPU
		{832445B6-3CA9-5B0F-3A18-3E5807161FE9}.Release|Any CPU.ActiveCfg = Release|Any CPU
		{832445B6-3CA9-5B0F-3A18-3E5807161FE9}.Release|Any CPU.Build.0 = Release|Any CPU
	EndGlobalSection
	GlobalSection(SolutionProperties) = preSolution
		HideSolutionNode = FALSE
	EndGlobalSection
	GlobalSection(NestedProjects) = preSolution
		{63F0D12D-24D8-0A0F-03D5-88CF2AAAF665} = {02EA681E-C7D8-13C7-8484-4AC65E1B71E8}
		{832445B6-3CA9-5B0F-3A18-3E5807161FE9} = {02EA681E-C7D8-13C7-8484-4AC65E1B71E8}
	EndGlobalSection
	GlobalSection(ExtensibilityGlobals) = postSolution
		SolutionGuid = {AE336748-C550-45D7-BF95-902F3CBCFBBB}
	EndGlobalSection
EndGlobal
